
Microsoft Visual Studio Solution File, Format Version 12.00
# Visual Studio Version 17
VisualStudioVersion = 17.6.33723.286
MinimumVisualStudioVersion = 10.0.40219.1
Project("{9A19103F-16F7-4668-BE54-9A1E7A4F7556}") = "Web.API", "Web.API\Web.API.csproj", "{C25347A1-A335-4ECF-9028-BB8AFD5B3560}"
EndProject
Project("{9A19103F-16F7-4668-BE54-9A1E7A4F7556}") = "Data", "Data\Data.csproj", "{89729DAC-104B-45B0-9192-8118A460DBC2}"
EndProject
Project("{54A90642-561A-4BB1-A94E-469ADEE60C69}") = "Web.App", "Web.App\Web.App.esproj", "{B7348607-1971-470B-B420-654EF99DCF8C}"
EndProject
Global
	GlobalSection(SolutionConfigurationPlatforms) = preSolution
		Debug|Any CPU = Debug|Any CPU
		Release|Any CPU = Release|Any CPU
	EndGlobalSection
	GlobalSection(ProjectConfigurationPlatforms) = postSolution
		{C25347A1-A335-4ECF-9028-BB8AFD5B3560}.Debug|Any CPU.ActiveCfg = Debug|Any CPU
		{C25347A1-A335-4ECF-9028-BB8AFD5B3560}.Debug|Any CPU.Build.0 = Debug|Any CPU
		{C25347A1-A335-4ECF-9028-BB8AFD5B3560}.Release|Any CPU.ActiveCfg = Release|Any CPU
		{C25347A1-A335-4ECF-9028-BB8AFD5B3560}.Release|Any CPU.Build.0 = Release|Any CPU
		{89729DAC-104B-45B0-9192-8118A460DBC2}.Debug|Any CPU.ActiveCfg = Debug|Any CPU
		{89729DAC-104B-45B0-9192-8118A460DBC2}.Debug|Any CPU.Build.0 = Debug|Any CPU
		{89729DAC-104B-45B0-9192-8118A460DBC2}.Release|Any CPU.ActiveCfg = Release|Any CPU
		{89729DAC-104B-45B0-9192-8118A460DBC2}.Release|Any CPU.Build.0 = Release|Any CPU
		{B7348607-1971-470B-B420-654EF99DCF8C}.Debug|Any CPU.ActiveCfg = Debug|Any CPU
		{B7348607-1971-470B-B420-654EF99DCF8C}.Debug|Any CPU.Build.0 = Debug|Any CPU
		{B7348607-1971-470B-B420-654EF99DCF8C}.Debug|Any CPU.Deploy.0 = Debug|Any CPU
		{B7348607-1971-470B-B420-654EF99DCF8C}.Release|Any CPU.ActiveCfg = Release|Any CPU
		{B7348607-1971-470B-B420-654EF99DCF8C}.Release|Any CPU.Build.0 = Release|Any CPU
		{B7348607-1971-470B-B420-654EF99DCF8C}.Release|Any CPU.Deploy.0 = Release|Any CPU
	EndGlobalSection
	GlobalSection(SolutionProperties) = preSolution
		HideSolutionNode = FALSE
	EndGlobalSection
	GlobalSection(ExtensibilityGlobals) = postSolution
		SolutionGuid = {F2F30682-399C-40A3-90A4-050C2A069FF6}
	EndGlobalSection
EndGlobal
